
Microsoft Visual Studio Solution File, Format Version 12.00
# Visual Studio Version 16
VisualStudioVersion = 16.0.30804.86
MinimumVisualStudioVersion = 10.0.40219.1
Project("{9A19103F-16F7-4668-BE54-9A1E7A4F7556}") = "ApiHealthCheck.Lib", "src\ApiHealthCheck.Lib\ApiHealthCheck.Lib.csproj", "{61637051-C4AA-4EDA-AD32-2CECE432D99A}"
EndProject
Project("{9A19103F-16F7-4668-BE54-9A1E7A4F7556}") = "ApiHealthCheck.ConsoleTest", "test\ApiHealthCheck.ConsoleTest\ApiHealthCheck.ConsoleTest.csproj", "{126A1B7E-78B2-442F-8D86-91D655F330E0}"
EndProject
Project("{9A19103F-16F7-4668-BE54-9A1E7A4F7556}") = "ApiHealthCheck.Console", "src\ApiHealthCheck.Console\ApiHealthCheck.Console.csproj", "{01E1C28C-538B-4D88-80D4-4BBA24DD717D}"
EndProject
Project("{2150E333-8FDC-42A3-9474-1A3956D46DE8}") = "src", "src", "{4EB85A1A-4645-4D24-823D-FA050634DD2D}"
EndProject
Project("{2150E333-8FDC-42A3-9474-1A3956D46DE8}") = "test", "test", "{980440D9-1256-4472-886A-DD835584A7EB}"
EndProject
Project("{2150E333-8FDC-42A3-9474-1A3956D46DE8}") = "Solution Items", "Solution Items", "{996B5DFD-DBE6-4224-A42A-B740B70CC99E}"
	ProjectSection(SolutionItems) = preProject
		.gitattributes = .gitattributes
		.gitignore = .gitignore
		.github\workflows\ci-cd.yml = .github\workflows\ci-cd.yml
		Contribution.md = Contribution.md
		LICENSE = LICENSE
		.github\ISSUE_TEMPLATE\new-issue-template.md = .github\ISSUE_TEMPLATE\new-issue-template.md
		README.md = README.md
	EndProjectSection
EndProject
Project("{9A19103F-16F7-4668-BE54-9A1E7A4F7556}") = "ApiHealthCheck.LibTest", "test\ApiHealthCheck.LibTest\ApiHealthCheck.LibTest.csproj", "{4DED0366-98DB-4AC0-A2D5-9AE0A5980C0C}"
EndProject
Global
	GlobalSection(SolutionConfigurationPlatforms) = preSolution
		Debug|Any CPU = Debug|Any CPU
		Release|Any CPU = Release|Any CPU
	EndGlobalSection
	GlobalSection(ProjectConfigurationPlatforms) = postSolution
		{61637051-C4AA-4EDA-AD32-2CECE432D99A}.Debug|Any CPU.ActiveCfg = Debug|Any CPU
		{61637051-C4AA-4EDA-AD32-2CECE432D99A}.Debug|Any CPU.Build.0 = Debug|Any CPU
		{61637051-C4AA-4EDA-AD32-2CECE432D99A}.Release|Any CPU.ActiveCfg = Release|Any CPU
		{61637051-C4AA-4EDA-AD32-2CECE432D99A}.Release|Any CPU.Build.0 = Release|Any CPU
		{126A1B7E-78B2-442F-8D86-91D655F330E0}.Debug|Any CPU.ActiveCfg = Debug|Any CPU
		{126A1B7E-78B2-442F-8D86-91D655F330E0}.Debug|Any CPU.Build.0 = Debug|Any CPU
		{126A1B7E-78B2-442F-8D86-91D655F330E0}.Release|Any CPU.ActiveCfg = Release|Any CPU
		{126A1B7E-78B2-442F-8D86-91D655F330E0}.Release|Any CPU.Build.0 = Release|Any CPU
		{01E1C28C-538B-4D88-80D4-4BBA24DD717D}.Debug|Any CPU.ActiveCfg = Debug|Any CPU
		{01E1C28C-538B-4D88-80D4-4BBA24DD717D}.Debug|Any CPU.Build.0 = Debug|Any CPU
		{01E1C28C-538B-4D88-80D4-4BBA24DD717D}.Release|Any CPU.ActiveCfg = Release|Any CPU
		{01E1C28C-538B-4D88-80D4-4BBA24DD717D}.Release|Any CPU.Build.0 = Release|Any CPU
		{4DED0366-98DB-4AC0-A2D5-9AE0A5980C0C}.Debug|Any CPU.ActiveCfg = Debug|Any CPU
		{4DED0366-98DB-4AC0-A2D5-9AE0A5980C0C}.Debug|Any CPU.Build.0 = Debug|Any CPU
		{4DED0366-98DB-4AC0-A2D5-9AE0A5980C0C}.Release|Any CPU.ActiveCfg = Release|Any CPU
		{4DED0366-98DB-4AC0-A2D5-9AE0A5980C0C}.Release|Any CPU.Build.0 = Release|Any CPU
	EndGlobalSection
	GlobalSection(SolutionProperties) = preSolution
		HideSolutionNode = FALSE
	EndGlobalSection
	GlobalSection(NestedProjects) = preSolution
		{61637051-C4AA-4EDA-AD32-2CECE432D99A} = {4EB85A1A-4645-4D24-823D-FA050634DD2D}
		{126A1B7E-78B2-442F-8D86-91D655F330E0} = {980440D9-1256-4472-886A-DD835584A7EB}
		{01E1C28C-538B-4D88-80D4-4BBA24DD717D} = {4EB85A1A-4645-4D24-823D-FA050634DD2D}
		{4DED0366-98DB-4AC0-A2D5-9AE0A5980C0C} = {980440D9-1256-4472-886A-DD835584A7EB}
	EndGlobalSection
	GlobalSection(ExtensibilityGlobals) = postSolution
		SolutionGuid = {158CF433-93F7-404A-AD5A-5E50289381BF}
	EndGlobalSection
EndGlobal
